// !$*UTF8*$!
{archiveVersion = 1; classes = {}; objectVersion = 56; objects = {
000000000000000000000064 = {isa = PBXFileReference; lastKnownFileType = sourcecode.swift; path = BackstageApp.swift; sourceTree = "<group>";};
0000000000000000000000C8 = {isa = PBXBuildFile; fileRef = 000000000000000000000064;};
000000000000000000000065 = {isa = PBXFileReference; lastKnownFileType = sourcecode.swift; path = Client.swift; sourceTree = "<group>";};
0000000000000000000000C9 = {isa = PBXBuildFile; fileRef = 000000000000000000000065;};
000000000000000000000066 = {isa = PBXFileReference; lastKnownFileType = sourcecode.swift; path = Customers.swift; sourceTree = "<group>";};
0000000000000000000000CA = {isa = PBXBuildFile; fileRef = 000000000000000000000066;};
000000000000000000000067 = {isa = PBXFileReference; lastKnownFileType = sourcecode.swift; path = DayView.swift; sourceTree = "<group>";};
0000000000000000000000CB = {isa = PBXBuildFile; fileRef = 000000000000000000000067;};
000000000000000000000068 = {isa = PBXFileReference; lastKnownFileType = sourcecode.swift; path = Login.swift; sourceTree = "<group>";};
0000000000000000000000CC = {isa = PBXBuildFile; fileRef = 000000000000000000000068;};
000000000000000000000069 = {isa = PBXFileReference; lastKnownFileType = sourcecode.swift; path = Models.swift; sourceTree = "<group>";};
0000000000000000000000CD = {isa = PBXBuildFile; fileRef = 000000000000000000000069;};
000000000000000000000001 = {isa = PBXProject; attributes = {LastUpgradeCheck = 1600;}; buildConfigurationList = 00000000000000000000000A; compatibilityVersion = "Xcode 14.0"; developmentRegion = en; knownRegions = (en, Base); mainGroup = 000000000000000000000002; productRefGroup = 000000000000000000000004; projectDirPath = ""; targets = (000000000000000000000005);};
000000000000000000000002 = {isa = PBXGroup; children = (000000000000000000000003, 000000000000000000000004); sourceTree = "<group>";};
000000000000000000000003 = {isa = PBXGroup; children = (000000000000000000000064,000000000000000000000065,000000000000000000000066,000000000000000000000067,000000000000000000000068,000000000000000000000069); path = Sources; sourceTree = "<group>";};
000000000000000000000004 = {isa = PBXGroup; children = (000000000000000000000006); name = Products; sourceTree = "<group>";};
000000000000000000000005 = {isa = PBXNativeTarget; buildConfigurationList = 00000000000000000000000B; buildPhases = (000000000000000000000007, 000000000000000000000008, 000000000000000000000009); buildRules = (); dependencies = (); name = Backstage; productName = Backstage; productReference = 000000000000000000000006; productType = "com.apple.product-type.application";};
000000000000000000000006 = {isa = PBXFileReference; explicitFileType = wrapper.application; path = Backstage.app; sourceTree = BUILT_PRODUCTS_DIR;};
000000000000000000000007 = {isa = PBXSourcesBuildPhase; buildActionMask = 2147483647; files = (0000000000000000000000C8,0000000000000000000000C9,0000000000000000000000CA,0000000000000000000000CB,0000000000000000000000CC,0000000000000000000000CD); runOnlyForDeploymentPostprocessing = 0;};
000000000000000000000008 = {isa = PBXFrameworksBuildPhase; buildActionMask = 2147483647; files = (); runOnlyForDeploymentPostprocessing = 0;};
000000000000000000000009 = {isa = PBXResourcesBuildPhase; buildActionMask = 2147483647; files = (); runOnlyForDeploymentPostprocessing = 0;};
00000000000000000000000A = {isa = XCConfigurationList; buildConfigurations = (00000000000000000000000C,00000000000000000000000D); defaultConfigurationIsVisible = 0; defaultConfigurationName = Release;};
00000000000000000000000B = {isa = XCConfigurationList; buildConfigurations = (00000000000000000000000E,00000000000000000000000F); defaultConfigurationIsVisible = 0; defaultConfigurationName = Release;};
00000000000000000000000C = {isa = XCBuildConfiguration; buildSettings = {SDKROOT = iphoneos; IPHONEOS_DEPLOYMENT_TARGET = 17.0; SWIFT_VERSION = 5.0; CLANG_ENABLE_MODULES = YES; SWIFT_OPTIMIZATION_LEVEL = "-Onone"; DEBUG_INFORMATION_FORMAT = dwarf;}; name = Debug;};
00000000000000000000000D = {isa = XCBuildConfiguration; buildSettings = {SDKROOT = iphoneos; IPHONEOS_DEPLOYMENT_TARGET = 17.0; SWIFT_VERSION = 5.0; CLANG_ENABLE_MODULES = YES;}; name = Release;};
00000000000000000000000E = {isa = XCBuildConfiguration; buildSettings = {SDKROOT = iphoneos; IPHONEOS_DEPLOYMENT_TARGET = 17.0; SWIFT_VERSION = 5.0; CLANG_ENABLE_MODULES = YES; PRODUCT_BUNDLE_IDENTIFIER = nl.allstarbarbershop.BackstageTest; PRODUCT_NAME = "$(TARGET_NAME)"; CODE_SIGN_STYLE = Automatic; GENERATE_INFOPLIST_FILE = YES; INFOPLIST_KEY_CFBundleDisplayName = "Backstage Test"; INFOPLIST_KEY_UILaunchScreen_Generation = YES; INFOPLIST_KEY_UIApplicationSceneManifest_Generation = YES; TARGETED_DEVICE_FAMILY = 1; CURRENT_PROJECT_VERSION = 1; MARKETING_VERSION = 0.1.0; SUPPORTED_PLATFORMS = "iphoneos iphonesimulator"; SWIFT_OPTIMIZATION_LEVEL = "-Onone"; DEBUG_INFORMATION_FORMAT = dwarf;}; name = Debug;};
00000000000000000000000F = {isa = XCBuildConfiguration; buildSettings = {SDKROOT = iphoneos; IPHONEOS_DEPLOYMENT_TARGET = 17.0; SWIFT_VERSION = 5.0; CLANG_ENABLE_MODULES = YES; PRODUCT_BUNDLE_IDENTIFIER = nl.allstarbarbershop.BackstageTest; PRODUCT_NAME = "$(TARGET_NAME)"; CODE_SIGN_STYLE = Automatic; GENERATE_INFOPLIST_FILE = YES; INFOPLIST_KEY_CFBundleDisplayName = "Backstage Test"; INFOPLIST_KEY_UILaunchScreen_Generation = YES; INFOPLIST_KEY_UIApplicationSceneManifest_Generation = YES; TARGETED_DEVICE_FAMILY = 1; CURRENT_PROJECT_VERSION = 1; MARKETING_VERSION = 0.1.0; SUPPORTED_PLATFORMS = "iphoneos iphonesimulator";}; name = Release;};
}; rootObject = 000000000000000000000001;}
